
Microsoft Visual Studio Solution File, Format Version 12.00
# Visual Studio Version 16
VisualStudioVersion = 16.0.31729.503
MinimumVisualStudioVersion = 10.0.40219.1
Project("{FAE04EC0-301F-11D3-BF4B-00C04F79EFBC}") = "UserRegistrationProblem", "UserRegistrationProblem.csproj", "{B7FD6BA4-B8FA-461A-8EC3-F1ED36AD268B}"
EndProject
Project("{FAE04EC0-301F-11D3-BF4B-00C04F79EFBC}") = "UserRegistrationTest", "..\UserRegistrationTest\UserRegistrationTest.csproj", "{8311BF66-D8F7-4476-ABB2-C456721D2A2F}"
EndProject
Global
	GlobalSection(SolutionConfigurationPlatforms) = preSolution
		Debug|Any CPU = Debug|Any CPU
		Release|Any CPU = Release|Any CPU
	EndGlobalSection
	GlobalSection(ProjectConfigurationPlatforms) = postSolution
		{B7FD6BA4-B8FA-461A-8EC3-F1ED36AD268B}.Debug|Any CPU.ActiveCfg = Debug|Any CPU
		{B7FD6BA4-B8FA-461A-8EC3-F1ED36AD268B}.Debug|Any CPU.Build.0 = Debug|Any CPU
		{B7FD6BA4-B8FA-461A-8EC3-F1ED36AD268B}.Release|Any CPU.ActiveCfg = Release|Any CPU
		{B7FD6BA4-B8FA-461A-8EC3-F1ED36AD268B}.Release|Any CPU.Build.0 = Release|Any CPU
		{8311BF66-D8F7-4476-ABB2-C456721D2A2F}.Debug|Any CPU.ActiveCfg = Debug|Any CPU
		{8311BF66-D8F7-4476-ABB2-C456721D2A2F}.Debug|Any CPU.Build.0 = Debug|Any CPU
		{8311BF66-D8F7-4476-ABB2-C456721D2A2F}.Release|Any CPU.ActiveCfg = Release|Any CPU
		{8311BF66-D8F7-4476-ABB2-C456721D2A2F}.Release|Any CPU.Build.0 = Release|Any CPU
	EndGlobalSection
	GlobalSection(SolutionProperties) = preSolution
		HideSolutionNode = FALSE
	EndGlobalSection
	GlobalSection(ExtensibilityGlobals) = postSolution
		SolutionGuid = {C99B0EAE-60DB-4628-BBD5-01F9DFDE0619}
	EndGlobalSection
EndGlobal
